Microsoft Visual Studio Solution File, Format Version 12.00
# Visual Studio Version 17
VisualStudioVersion = 17.0.31903.59
MinimumVisualStudioVersion = 10.0.40219.1
Project("{FAE04EC0-301F-11D3-BF4B-00C04F79EFBC}") = "TartarusChroma", "src\TartarusChroma\TartarusChroma.csproj", "{767DE948-EE04-4E48-B405-EC0FC9287B35}"
EndProject
Global
    GlobalSection(SolutionConfigurationPlatforms) = preSolution
        Debug|Any CPU = Debug|Any CPU
        Release|Any CPU = Release|Any CPU
    EndGlobalSection
    GlobalSection(ProjectConfigurationPlatforms) = postSolution
        {767DE948-EE04-4E48-B405-EC0FC9287B35}.Debug|Any CPU.ActiveCfg = Debug|Any CPU
        {767DE948-EE04-4E48-B405-EC0FC9287B35}.Debug|Any CPU.Build.0 = Debug|Any CPU
        {767DE948-EE04-4E48-B405-EC0FC9287B35}.Release|Any CPU.ActiveCfg = Release|Any CPU
        {767DE948-EE04-4E48-B405-EC0FC9287B35}.Release|Any CPU.Build.0 = Release|Any CPU
    EndGlobalSection
EndGlobal
